github.com/hashicorp/go-secure-stdlib/strutil v0.1.2 h1:kes8mmyCpxJsI7FTwtzRqEy9CdjCtrXrXGuOpxEA7Ts=
github.com/hashicorp/go-secure-stdlib/strutil v0.1.2/go.mod h1:Gou2R9+il93BqX25LAKCLuM+y9U2T4hlwvT1yprcna4=
github.com/ryanuber/go-glob v1.0.0 h1:iQh3xXAumdQ+4Ufa5b25cRpC5TYKlno6hsv6Cb3pkBk=
github.com/ryanuber/go-glob v1.0.0/go.mod h1:807d1WSdnB0XRJzKNil9Om6lcp/3a0v4qIHxIXzX/Yc=
